
Microsoft Visual Studio Solution File, Format Version 12.00
# Visual Studio Version 17
VisualStudioVersion = 17.11.35327.3
MinimumVisualStudioVersion = 10.0.40219.1
Project("{FAE04EC0-301F-11D3-BF4B-00C04F79EFBC}") = "MediaNotas", "MediaNotas.csproj", "{3AB54DBA-EFA3-4682-8E1F-E13C19B63A25}"
EndProject
Global
	GlobalSection(SolutionConfigurationPlatforms) = preSolution
		Debug|Any CPU = Debug|Any CPU
		Release|Any CPU = Release|Any CPU
	EndGlobalSection
	GlobalSection(ProjectConfigurationPlatforms) = postSolution
		{3AB54DBA-EFA3-4682-8E1F-E13C19B63A25}.Debug|Any CPU.ActiveCfg = Debug|Any CPU
		{3AB54DBA-EFA3-4682-8E1F-E13C19B63A25}.Debug|Any CPU.Build.0 = Debug|Any CPU
		{3AB54DBA-EFA3-4682-8E1F-E13C19B63A25}.Release|Any CPU.ActiveCfg = Release|Any CPU
		{3AB54DBA-EFA3-4682-8E1F-E13C19B63A25}.Release|Any CPU.Build.0 = Release|Any CPU
	EndGlobalSection
	GlobalSection(SolutionProperties) = preSolution
		HideSolutionNode = FALSE
	EndGlobalSection
	GlobalSection(ExtensibilityGlobals) = postSolution
		SolutionGuid = {0B736C46-F9D0-4790-B4F3-BC5CA76A45D7}
	EndGlobalSection
EndGlobal
